
Microsoft Visual Studio Solution File, Format Version 12.00
# Visual Studio Version 17
VisualStudioVersion = 17.7.34031.279
MinimumVisualStudioVersion = 10.0.40219.1
Project("{FAE04EC0-301F-11D3-BF4B-00C04F79EFBC}") = "Orders.Backend", "Orders.Backend\Orders.Backend.csproj", "{DE18C93B-3DA2-40AB-B220-A8CDBAF7D06F}"
EndProject
Project("{FAE04EC0-301F-11D3-BF4B-00C04F79EFBC}") = "Orders.Frontend", "Orders.Frontend\Orders.Frontend.csproj", "{450CA218-FE6C-4695-819B-C499B782BA0E}"
EndProject
Project("{FAE04EC0-301F-11D3-BF4B-00C04F79EFBC}") = "Orders.Shared", "Orders.Shared\Orders.Shared.csproj", "{CC601C4E-52D4-4251-AB64-4944B06C8105}"
EndProject
Project("{FAE04EC0-301F-11D3-BF4B-00C04F79EFBC}") = "Orders.Tests", "Orders.Tests\Orders.Tests.csproj", "{067280AB-9F2B-4AE9-9B95-4FB0D48E21CD}"
EndProject
Global
	GlobalSection(SolutionConfigurationPlatforms) = preSolution
		Debug|Any CPU = Debug|Any CPU
		Release|Any CPU = Release|Any CPU
	EndGlobalSection
	GlobalSection(ProjectConfigurationPlatforms) = postSolution
		{DE18C93B-3DA2-40AB-B220-A8CDBAF7D06F}.Debug|Any CPU.ActiveCfg = Debug|Any CPU
		{DE18C93B-3DA2-40AB-B220-A8CDBAF7D06F}.Debug|Any CPU.Build.0 = Debug|Any CPU
		{DE18C93B-3DA2-40AB-B220-A8CDBAF7D06F}.Release|Any CPU.ActiveCfg = Release|Any CPU
		{DE18C93B-3DA2-40AB-B220-A8CDBAF7D06F}.Release|Any CPU.Build.0 = Release|Any CPU
		{450CA218-FE6C-4695-819B-C499B782BA0E}.Debug|Any CPU.ActiveCfg = Debug|Any CPU
		{450CA218-FE6C-4695-819B-C499B782BA0E}.Debug|Any CPU.Build.0 = Debug|Any CPU
		{450CA218-FE6C-4695-819B-C499B782BA0E}.Release|Any CPU.ActiveCfg = Release|Any CPU
		{450CA218-FE6C-4695-819B-C499B782BA0E}.Release|Any CPU.Build.0 = Release|Any CPU
		{CC601C4E-52D4-4251-AB64-4944B06C8105}.Debug|Any CPU.ActiveCfg = Debug|Any CPU
		{CC601C4E-52D4-4251-AB64-4944B06C8105}.Debug|Any CPU.Build.0 = Debug|Any CPU
		{CC601C4E-52D4-4251-AB64-4944B06C8105}.Release|Any CPU.ActiveCfg = Release|Any CPU
		{CC601C4E-52D4-4251-AB64-4944B06C8105}.Release|Any CPU.Build.0 = Release|Any CPU
		{067280AB-9F2B-4AE9-9B95-4FB0D48E21CD}.Debug|Any CPU.ActiveCfg = Debug|Any CPU
		{067280AB-9F2B-4AE9-9B95-4FB0D48E21CD}.Debug|Any CPU.Build.0 = Debug|Any CPU
		{067280AB-9F2B-4AE9-9B95-4FB0D48E21CD}.Release|Any CPU.ActiveCfg = Release|Any CPU
		{067280AB-9F2B-4AE9-9B95-4FB0D48E21CD}.Release|Any CPU.Build.0 = Release|Any CPU
	EndGlobalSection
	GlobalSection(SolutionProperties) = preSolution
		HideSolutionNode = FALSE
	EndGlobalSection
	GlobalSection(ExtensibilityGlobals) = postSolution
		SolutionGuid = {2A315DDB-B844-4CF0-8C6E-5AF0A32581BA}
	EndGlobalSection
EndGlobal
